{
  "name": "kta-cc-encrypt",
  "version": "1.0.0",
  "lockfileVersion": 2,
  "requires": true,
  "packages": {
    "": {
      "name": "kta-cc-encrypt",
      "version": "1.0.0",
      "license": "ISC",
      "dependencies": {
        "pidcrypt": "^0.0.33"
      }
    },
    "node_modules/pidcrypt": {
      "version": "0.0.33",
      "resolved": "https://registry.npmjs.org/pidcrypt/-/pidcrypt-0.0.33.tgz",
      "integrity": "sha512-X7JT4K41LuP1HP9kedQ5s/IUf0osB8gXCXvlKAvzA4h7F4lTDaXWUNYfHMhZgPhehTxxzRq3ilr4OMtSPIMYeA=="
    }
  },
  "dependencies": {
    "pidcrypt": {
      "version": "0.0.33",
      "resolved": "https://registry.npmjs.org/pidcrypt/-/pidcrypt-0.0.33.tgz",
      "integrity": "sha512-X7JT4K41LuP1HP9kedQ5s/IUf0osB8gXCXvlKAvzA4h7F4lTDaXWUNYfHMhZgPhehTxxzRq3ilr4OMtSPIMYeA=="
    }
  }
}
